// !$*UTF8*$!
{
	archiveVersion = 1;
	classes = {
	};
	objectVersion = 56;
	objects = {

/* Begin PBXBuildFile section */
		6735D1BB2BDB101B003755A8 /* Graphql_AnimeApp_SwiftUIApp.swift in Sources */ = {isa = PBXBuildFile; fileRef = 6735D1BA2BDB101B003755A8 /* Graphql_AnimeApp_SwiftUIApp.swift */; };
		6735D1BD2BDB101B003755A8 /* ContentView.swift in Sources */ = {isa = PBXBuildFile; fileRef = 6735D1BC2BDB101B003755A8 /* ContentView.swift */; };
		6735D1BF2BDB101E003755A8 /* Assets.xcassets in Resources */ = {isa = PBXBuildFile; fileRef = 6735D1BE2BDB101E003755A8 /* Assets.xcassets */; };
		6735D1C22BDB101E003755A8 /* Preview Assets.xcassets in Resources */ = {isa = PBXBuildFile; fileRef = 6735D1C12BDB101E003755A8 /* Preview Assets.xcassets */; };
		6735D1CC2BDB101E003755A8 /* Graphql_AnimeApp_SwiftUITests.swift in Sources */ = {isa = PBXBuildFile; fileRef = 6735D1CB2BDB101E003755A8 /* Graphql_AnimeApp_SwiftUITests.swift */; };
		6735D1D62BDB101E003755A8 /* Graphql_AnimeApp_SwiftUIUITests.swift in Sources */ = {isa = PBXBuildFile; fileRef = 6735D1D52BDB101E003755A8 /* Graphql_AnimeApp_SwiftUIUITests.swift */; };
		6735D1D82BDB101E003755A8 /* Graphql_AnimeApp_SwiftUIUITestsLaunchTests.swift in Sources */ = {isa = PBXBuildFile; fileRef = 6735D1D72BDB101E003755A8 /* Graphql_AnimeApp_SwiftUIUITestsLaunchTests.swift */; };
		6735D1E62BDB103F003755A8 /* Apollo in Frameworks */ = {isa = PBXBuildFile; productRef = 6735D1E52BDB103F003755A8 /* Apollo */; };
		6735D1EE2BDB1615003755A8 /* graphql in Resources */ = {isa = PBXBuildFile; fileRef = 6735D1ED2BDB1615003755A8 /* graphql */; };
		6735D1F02BDB172C003755A8 /* AnimeNetwork.swift in Sources */ = {isa = PBXBuildFile; fileRef = 6735D1EF2BDB172C003755A8 /* AnimeNetwork.swift */; };
		6735D1F22BDB1A39003755A8 /* ChargeTripAPI in Resources */ = {isa = PBXBuildFile; fileRef = 6735D1F12BDB1A39003755A8 /* ChargeTripAPI */; };
		6735D1F52BDB1AEB003755A8 /* ChargeTripAPI in Frameworks */ = {isa = PBXBuildFile; productRef = 6735D1F42BDB1AEB003755A8 /* ChargeTripAPI */; };
		6735D1F72BDB1CD4003755A8 /* MainViewModel.swift in Sources */ = {isa = PBXBuildFile; fileRef = 6735D1F62BDB1CD4003755A8 /* MainViewModel.swift */; };
		675935D52BE934DE005D535F /* AnimeNetworkService.swift in Sources */ = {isa = PBXBuildFile; fileRef = 675935D42BE934DE005D535F /* AnimeNetworkService.swift */; };
		675935D82BE94735005D535F /* Phase.swift in Sources */ = {isa = PBXBuildFile; fileRef = 675935D72BE94735005D535F /* Phase.swift */; };
		675935DB2BE94ED0005D535F /* LoadingView.swift in Sources */ = {isa = PBXBuildFile; fileRef = 675935DA2BE94ED0005D535F /* LoadingView.swift */; };
		675935DE2BE94F49005D535F /* MainView.swift in Sources */ = {isa = PBXBuildFile; fileRef = 675935DD2BE94F49005D535F /* MainView.swift */; };
		675935E02BE952BD005D535F /* PlaceHolderView.swift in Sources */ = {isa = PBXBuildFile; fileRef = 675935DF2BE952BD005D535F /* PlaceHolderView.swift */; };
		675935E22BE95363005D535F /* ErrorView.swift in Sources */ = {isa = PBXBuildFile; fileRef = 675935E12BE95363005D535F /* ErrorView.swift */; };
/* End PBXBuildFile section */

/* Begin PBXContainerItemProxy section */
		6735D1C82BDB101E003755A8 /* PBXContainerItemProxy */ = {
			isa = PBXContainerItemProxy;
			containerPortal = 6735D1AF2BDB101B003755A8 /* Project object */;
			proxyType = 1;
			remoteGlobalIDString = 6735D1B62BDB101B003755A8;
			remoteInfo = Graphql_AnimeApp_SwiftUI;
		};
		6735D1D22BDB101E003755A8 /* PBXContainerItemProxy */ = {
			isa = PBXContainerItemProxy;
			containerPortal = 6735D1AF2BDB101B003755A8 /* Project object */;
			proxyType = 1;
			remoteGlobalIDString = 6735D1B62BDB101B003755A8;
			remoteInfo = Graphql_AnimeApp_SwiftUI;
		};
/* End PBXContainerItemProxy section */

/* Begin PBXFileReference section */
		6735D1B72BDB101B003755A8 /* Graphql_AnimeApp_SwiftUI.app */ = {isa = PBXFileReference; explicitFileType = wrapper.application; includeInIndex = 0; path = Graphql_AnimeApp_SwiftUI.app; sourceTree = BUILT_PRODUCTS_DIR; };
		6735D1BA2BDB101B003755A8 /* Graphql_AnimeApp_SwiftUIApp.swift */ = {isa = PBXFileReference; lastKnownFileType = sourcecode.swift; path = Graphql_AnimeApp_SwiftUIApp.swift; sourceTree = "<group>"; };
		6735D1BC2BDB101B003755A8 /* ContentView.swift */ = {isa = PBXFileReference; lastKnownFileType = sourcecode.swift; path = ContentView.swift; sourceTree = "<group>"; };
		6735D1BE2BDB101E003755A8 /* Assets.xcassets */ = {isa = PBXFileReference; lastKnownFileType = folder.assetcatalog; path = Assets.xcassets; sourceTree = "<group>"; };
		6735D1C12BDB101E003755A8 /* Preview Assets.xcassets */ = {isa = PBXFileReference; lastKnownFileType = folder.assetcatalog; path = "Preview Assets.xcassets"; sourceTree = "<group>"; };
		6735D1C72BDB101E003755A8 /* Graphql_AnimeApp_SwiftUITests.xctest */ = {isa = PBXFileReference; explicitFileType = wrapper.cfbundle; includeInIndex = 0; path = Graphql_AnimeApp_SwiftUITests.xctest; sourceTree = BUILT_PRODUCTS_DIR; };
		6735D1CB2BDB101E003755A8 /* Graphql_AnimeApp_SwiftUITests.swift */ = {isa = PBXFileReference; lastKnownFileType = sourcecode.swift; path = Graphql_AnimeApp_SwiftUITests.swift; sourceTree = "<group>"; };
		6735D1D12BDB101E003755A8 /* Graphql_AnimeApp_SwiftUIUITests.xctest */ = {isa = PBXFileReference; explicitFileType = wrapper.cfbundle; includeInIndex = 0; path = Graphql_AnimeApp_SwiftUIUITests.xctest; sourceTree = BUILT_PRODUCTS_DIR; };
		6735D1D52BDB101E003755A8 /* Graphql_AnimeApp_SwiftUIUITests.swift */ = {isa = PBXFileReference; lastKnownFileType = sourcecode.swift; path = Graphql_AnimeApp_SwiftUIUITests.swift; sourceTree = "<group>"; };
		6735D1D72BDB101E003755A8 /* Graphql_AnimeApp_SwiftUIUITestsLaunchTests.swift */ = {isa = PBXFileReference; lastKnownFileType = sourcecode.swift; path = Graphql_AnimeApp_SwiftUIUITestsLaunchTests.swift; sourceTree = "<group>"; };
		6735D1ED2BDB1615003755A8 /* graphql */ = {isa = PBXFileReference; lastKnownFileType = folder; name = graphql; path = ../graphql; sourceTree = "<group>"; };
		6735D1EF2BDB172C003755A8 /* AnimeNetwork.swift */ = {isa = PBXFileReference; lastKnownFileType = sourcecode.swift; path = AnimeNetwork.swift; sourceTree = "<group>"; };
		6735D1F12BDB1A39003755A8 /* ChargeTripAPI */ = {isa = PBXFileReference; lastKnownFileType = wrapper; name = ChargeTripAPI; path = ../ChargeTripAPI; sourceTree = "<group>"; };
		6735D1F62BDB1CD4003755A8 /* MainViewModel.swift */ = {isa = PBXFileReference; lastKnownFileType = sourcecode.swift; path = MainViewModel.swift; sourceTree = "<group>"; };
		675935D42BE934DE005D535F /* AnimeNetworkService.swift */ = {isa = PBXFileReference; lastKnownFileType = sourcecode.swift; path = AnimeNetworkService.swift; sourceTree = "<group>"; };
		675935D72BE94735005D535F /* Phase.swift */ = {isa = PBXFileReference; lastKnownFileType = sourcecode.swift; path = Phase.swift; sourceTree = "<group>"; };
		675935DA2BE94ED0005D535F /* LoadingView.swift */ = {isa = PBXFileReference; lastKnownFileType = sourcecode.swift; path = LoadingView.swift; sourceTree = "<group>"; };
		675935DD2BE94F49005D535F /* MainView.swift */ = {isa = PBXFileReference; lastKnownFileType = sourcecode.swift; path = MainView.swift; sourceTree = "<group>"; };
		675935DF2BE952BD005D535F /* PlaceHolderView.swift */ = {isa = PBXFileReference; lastKnownFileType = sourcecode.swift; path = PlaceHolderView.swift; sourceTree = "<group>"; };
		675935E12BE95363005D535F /* ErrorView.swift */ = {isa = PBXFileReference; lastKnownFileType = sourcecode.swift; path = ErrorView.swift; sourceTree = "<group>"; };
/* End PBXFileReference section */

/* Begin PBXFrameworksBuildPhase section */
		6735D1B42BDB101B003755A8 /* Frameworks */ = {
			isa = PBXFrameworksBuildPhase;
			buildActionMask = 2147483647;
			files = (
				6735D1F52BDB1AEB003755A8 /* ChargeTripAPI in Frameworks */,
				6735D1E62BDB103F003755A8 /* Apollo in Frameworks */,
			);
			runOnlyForDeploymentPostprocessing = 0;
		};
		6735D1C42BDB101E003755A8 /* Frameworks */ = {
			isa = PBXFrameworksBuildPhase;
			buildActionMask = 2147483647;
			files = (
			);
			runOnlyForDeploymentPostprocessing = 0;
		};
		6735D1CE2BDB101E003755A8 /* Frameworks */ = {
			isa = PBXFrameworksBuildPhase;
			buildActionMask = 2147483647;
			files = (
			);
			runOnlyForDeploymentPostprocessing = 0;
		};
/* End PBXFrameworksBuildPhase section */

/* Begin PBXGroup section */
		6735D1AE2BDB101B003755A8 = {
			isa = PBXGroup;
			children = (
				6735D1B92BDB101B003755A8 /* Graphql_AnimeApp_SwiftUI */,
				6735D1CA2BDB101E003755A8 /* Graphql_AnimeApp_SwiftUITests */,
				6735D1D42BDB101E003755A8 /* Graphql_AnimeApp_SwiftUIUITests */,
				6735D1B82BDB101B003755A8 /* Products */,
				6735D1F32BDB1AEB003755A8 /* Frameworks */,
			);
			sourceTree = "<group>";
		};
		6735D1B82BDB101B003755A8 /* Products */ = {
			isa = PBXGroup;
			children = (
				6735D1B72BDB101B003755A8 /* Graphql_AnimeApp_SwiftUI.app */,
				6735D1C72BDB101E003755A8 /* Graphql_AnimeApp_SwiftUITests.xctest */,
				6735D1D12BDB101E003755A8 /* Graphql_AnimeApp_SwiftUIUITests.xctest */,
			);
			name = Products;
			sourceTree = "<group>";
		};
		6735D1B92BDB101B003755A8 /* Graphql_AnimeApp_SwiftUI */ = {
			isa = PBXGroup;
			children = (
				675935D62BE94724005D535F /* General */,
				675935DC2BE94F29005D535F /* MainView */,
				6735D1F12BDB1A39003755A8 /* ChargeTripAPI */,
				6735D1BA2BDB101B003755A8 /* Graphql_AnimeApp_SwiftUIApp.swift */,
				6735D1BC2BDB101B003755A8 /* ContentView.swift */,
				675935D32BE92C57005D535F /* Networking */,
				6735D1ED2BDB1615003755A8 /* graphql */,
				6735D1BE2BDB101E003755A8 /* Assets.xcassets */,
				6735D1C02BDB101E003755A8 /* Preview Content */,
			);
			path = Graphql_AnimeApp_SwiftUI;
			sourceTree = "<group>";
		};
		6735D1C02BDB101E003755A8 /* Preview Content */ = {
			isa = PBXGroup;
			children = (
				6735D1C12BDB101E003755A8 /* Preview Assets.xcassets */,
			);
			path = "Preview Content";
			sourceTree = "<group>";
		};
		6735D1CA2BDB101E003755A8 /* Graphql_AnimeApp_SwiftUITests */ = {
			isa = PBXGroup;
			children = (
				6735D1CB2BDB101E003755A8 /* Graphql_AnimeApp_SwiftUITests.swift */,
			);
			path = Graphql_AnimeApp_SwiftUITests;
			sourceTree = "<group>";
		};
		6735D1D42BDB101E003755A8 /* Graphql_AnimeApp_SwiftUIUITests */ = {
			isa = PBXGroup;
			children = (
				6735D1D52BDB101E003755A8 /* Graphql_AnimeApp_SwiftUIUITests.swift */,
				6735D1D72BDB101E003755A8 /* Graphql_AnimeApp_SwiftUIUITestsLaunchTests.swift */,
			);
			path = Graphql_AnimeApp_SwiftUIUITests;
			sourceTree = "<group>";
		};
		6735D1F32BDB1AEB003755A8 /* Frameworks */ = {
			isa = PBXGroup;
			children = (
			);
			name = Frameworks;
			sourceTree = "<group>";
		};
		675935D32BE92C57005D535F /* Networking */ = {
			isa = PBXGroup;
			children = (
				6735D1EF2BDB172C003755A8 /* AnimeNetwork.swift */,
				675935D42BE934DE005D535F /* AnimeNetworkService.swift */,
			);
			path = Networking;
			sourceTree = "<group>";
		};
		675935D62BE94724005D535F /* General */ = {
			isa = PBXGroup;
			children = (
				675935D92BE94EBD005D535F /* View */,
				675935D72BE94735005D535F /* Phase.swift */,
			);
			path = General;
			sourceTree = "<group>";
		};
		675935D92BE94EBD005D535F /* View */ = {
			isa = PBXGroup;
			children = (
				675935DF2BE952BD005D535F /* PlaceHolderView.swift */,
				675935DA2BE94ED0005D535F /* LoadingView.swift */,
				675935E12BE95363005D535F /* ErrorView.swift */,
			);
			path = View;
			sourceTree = "<group>";
		};
		675935DC2BE94F29005D535F /* MainView */ = {
			isa = PBXGroup;
			children = (
				6735D1F62BDB1CD4003755A8 /* MainViewModel.swift */,
				675935DD2BE94F49005D535F /* MainView.swift */,
			);
			path = MainView;
			sourceTree = "<group>";
		};
/* End PBXGroup section */

/* Begin PBXNativeTarget section */
		6735D1B62BDB101B003755A8 /* Graphql_AnimeApp_SwiftUI */ = {
			isa = PBXNativeTarget;
			buildConfigurationList = 6735D1DB2BDB101E003755A8 /* Build configuration list for PBXNativeTarget "Graphql_AnimeApp_SwiftUI" */;
			buildPhases = (
				6735D1B32BDB101B003755A8 /* Sources */,
				6735D1B42BDB101B003755A8 /* Frameworks */,
				6735D1B52BDB101B003755A8 /* Resources */,
			);
			buildRules = (
			);
			dependencies = (
			);
			name = Graphql_AnimeApp_SwiftUI;
			packageProductDependencies = (
				6735D1E52BDB103F003755A8 /* Apollo */,
				6735D1F42BDB1AEB003755A8 /* ChargeTripAPI */,
			);
			productName = Graphql_AnimeApp_SwiftUI;
			productReference = 6735D1B72BDB101B003755A8 /* Graphql_AnimeApp_SwiftUI.app */;
			productType = "com.apple.product-type.application";
		};
		6735D1C62BDB101E003755A8 /* Graphql_AnimeApp_SwiftUITests */ = {
			isa = PBXNativeTarget;
			buildConfigurationList = 6735D1DE2BDB101E003755A8 /* Build configuration list for PBXNativeTarget "Graphql_AnimeApp_SwiftUITests" */;
			buildPhases = (
				6735D1C32BDB101E003755A8 /* Sources */,
				6735D1C42BDB101E003755A8 /* Frameworks */,
				6735D1C52BDB101E003755A8 /* Resources */,
			);
			buildRules = (
			);
			dependencies = (
				6735D1C92BDB101E003755A8 /* PBXTargetDependency */,
			);
			name = Graphql_AnimeApp_SwiftUITests;
			productName = Graphql_AnimeApp_SwiftUITests;
			productReference = 6735D1C72BDB101E003755A8 /* Graphql_AnimeApp_SwiftUITests.xctest */;
			productType = "com.apple.product-type.bundle.unit-test";
		};
		6735D1D02BDB101E003755A8 /* Graphql_AnimeApp_SwiftUIUITests */ = {
			isa = PBXNativeTarget;
			buildConfigurationList = 6735D1E12BDB101E003755A8 /* Build configuration list for PBXNativeTarget "Graphql_AnimeApp_SwiftUIUITests" */;
			buildPhases = (
				6735D1CD2BDB101E003755A8 /* Sources */,
				6735D1CE2BDB101E003755A8 /* Frameworks */,
				6735D1CF2BDB101E003755A8 /* Resources */,
			);
			buildRules = (
			);
			dependencies = (
				6735D1D32BDB101E003755A8 /* PBXTargetDependency */,
			);
			name = Graphql_AnimeApp_SwiftUIUITests;
			productName = Graphql_AnimeApp_SwiftUIUITests;
			productReference = 6735D1D12BDB101E003755A8 /* Graphql_AnimeApp_SwiftUIUITests.xctest */;
			productType = "com.apple.product-type.bundle.ui-testing";
		};
/* End PBXNativeTarget section */

/* Begin PBXProject section */
		6735D1AF2BDB101B003755A8 /* Project object */ = {
			isa = PBXProject;
			attributes = {
				BuildIndependentTargetsInParallel = 1;
				LastSwiftUpdateCheck = 1520;
				LastUpgradeCheck = 1520;
				TargetAttributes = {
					6735D1B62BDB101B003755A8 = {
						CreatedOnToolsVersion = 15.2;
					};
					6735D1C62BDB101E003755A8 = {
						CreatedOnToolsVersion = 15.2;
						TestTargetID = 6735D1B62BDB101B003755A8;
					};
					6735D1D02BDB101E003755A8 = {
						CreatedOnToolsVersion = 15.2;
						TestTargetID = 6735D1B62BDB101B003755A8;
					};
				};
			};
			buildConfigurationList = 6735D1B22BDB101B003755A8 /* Build configuration list for PBXProject "Graphql_AnimeApp_SwiftUI" */;
			compatibilityVersion = "Xcode 14.0";
			developmentRegion = en;
			hasScannedForEncodings = 0;
			knownRegions = (
				en,
				Base,
			);
			mainGroup = 6735D1AE2BDB101B003755A8;
			packageReferences = (
				6735D1E42BDB103F003755A8 /* XCRemoteSwiftPackageReference "apollo-ios" */,
			);
			productRefGroup = 6735D1B82BDB101B003755A8 /* Products */;
			projectDirPath = "";
			projectRoot = "";
			targets = (
				6735D1B62BDB101B003755A8 /* Graphql_AnimeApp_SwiftUI */,
				6735D1C62BDB101E003755A8 /* Graphql_AnimeApp_SwiftUITests */,
				6735D1D02BDB101E003755A8 /* Graphql_AnimeApp_SwiftUIUITests */,
			);
		};
/* End PBXProject section */

/* Begin PBXResourcesBuildPhase section */
		6735D1B52BDB101B003755A8 /* Resources */ = {
			isa = PBXResourcesBuildPhase;
			buildActionMask = 2147483647;
			files = (
				6735D1C22BDB101E003755A8 /* Preview Assets.xcassets in Resources */,
				6735D1EE2BDB1615003755A8 /* graphql in Resources */,
				6735D1BF2BDB101E003755A8 /* Assets.xcassets in Resources */,
				6735D1F22BDB1A39003755A8 /* ChargeTripAPI in Resources */,
			);
			runOnlyForDeploymentPostprocessing = 0;
		};
		6735D1C52BDB101E003755A8 /* Resources */ = {
			isa = PBXResourcesBuildPhase;
			buildActionMask = 2147483647;
			files = (
			);
			runOnlyForDeploymentPostprocessing = 0;
		};
		6735D1CF2BDB101E003755A8 /* Resources */ = {
			isa = PBXResourcesBuildPhase;
			buildActionMask = 2147483647;
			files = (
			);
			runOnlyForDeploymentPostprocessing = 0;
		};
/* End PBXResourcesBuildPhase section */

/* Begin PBXSourcesBuildPhase section */
		6735D1B32BDB101B003755A8 /* Sources */ = {
			isa = PBXSourcesBuildPhase;
			buildActionMask = 2147483647;
			files = (
				675935E02BE952BD005D535F /* PlaceHolderView.swift in Sources */,
				675935DE2BE94F49005D535F /* MainView.swift in Sources */,
				6735D1BD2BDB101B003755A8 /* ContentView.swift in Sources */,
				6735D1F72BDB1CD4003755A8 /* MainViewModel.swift in Sources */,
				6735D1BB2BDB101B003755A8 /* Graphql_AnimeApp_SwiftUIApp.swift in Sources */,
				6735D1F02BDB172C003755A8 /* AnimeNetwork.swift in Sources */,
				675935DB2BE94ED0005D535F /* LoadingView.swift in Sources */,
				675935D82BE94735005D535F /* Phase.swift in Sources */,
				675935D52BE934DE005D535F /* AnimeNetworkService.swift in Sources */,
				675935E22BE95363005D535F /* ErrorView.swift in Sources */,
			);
			runOnlyForDeploymentPostprocessing = 0;
		};
		6735D1C32BDB101E003755A8 /* Sources */ = {
			isa = PBXSourcesBuildPhase;
			buildActionMask = 2147483647;
			files = (
				6735D1CC2BDB101E003755A8 /* Graphql_AnimeApp_SwiftUITests.swift in Sources */,
			);
			runOnlyForDeploymentPostprocessing = 0;
		};
		6735D1CD2BDB101E003755A8 /* Sources */ = {
			isa = PBXSourcesBuildPhase;
			buildActionMask = 2147483647;
			files = (
				6735D1D62BDB101E003755A8 /* Graphql_AnimeApp_SwiftUIUITests.swift in Sources */,
				6735D1D82BDB101E003755A8 /* Graphql_AnimeApp_SwiftUIUITestsLaunchTests.swift in Sources */,
			);
			runOnlyForDeploymentPostprocessing = 0;
		};
/* End PBXSourcesBuildPhase section */

/* Begin PBXTargetDependency section */
		6735D1C92BDB101E003755A8 /* PBXTargetDependency */ = {
			isa = PBXTargetDependency;
			target = 6735D1B62BDB101B003755A8 /* Graphql_AnimeApp_SwiftUI */;
			targetProxy = 6735D1C82BDB101E003755A8 /* PBXContainerItemProxy */;
		};
		6735D1D32BDB101E003755A8 /* PBXTargetDependency */ = {
			isa = PBXTargetDependency;
			target = 6735D1B62BDB101B003755A8 /* Graphql_AnimeApp_SwiftUI */;
			targetProxy = 6735D1D22BDB101E003755A8 /* PBXContainerItemProxy */;
		};
/* End PBXTargetDependency section */

/* Begin XCBuildConfiguration section */
		6735D1D92BDB101E003755A8 /* Debug */ = {
			isa = XCBuildConfiguration;
			buildSettings = {
				ALWAYS_SEARCH_USER_PATHS = NO;
				ASSETCATALOG_COMPILER_GENERATE_SWIFT_ASSET_SYMBOL_EXTENSIONS = YES;
				CLANG_ANALYZER_NONNULL = YES;
				CLANG_ANALYZER_NUMBER_OBJECT_CONVERSION = YES_AGGRESSIVE;
				CLANG_CXX_LANGUAGE_STANDARD = "gnu++20";
				CLANG_ENABLE_MODULES = YES;
				CLANG_ENABLE_OBJC_ARC = YES;
				CLANG_ENABLE_OBJC_WEAK = YES;
				CLANG_WARN_BLOCK_CAPTURE_AUTORELEASING = YES;
				CLANG_WARN_BOOL_CONVERSION = YES;
				CLANG_WARN_COMMA = YES;
				CLANG_WARN_CONSTANT_CONVERSION = YES;
				CLANG_WARN_DEPRECATED_OBJC_IMPLEMENTATIONS = YES;
				CLANG_WARN_DIRECT_OBJC_ISA_USAGE = YES_ERROR;
				CLANG_WARN_DOCUMENTATION_COMMENTS = YES;
				CLANG_WARN_EMPTY_BODY = YES;
				CLANG_WARN_ENUM_CONVERSION = YES;
				CLANG_WARN_INFINITE_RECURSION = YES;
				CLANG_WARN_INT_CONVERSION = YES;
				CLANG_WARN_NON_LITERAL_NULL_CONVERSION = YES;
				CLANG_WARN_OBJC_IMPLICIT_RETAIN_SELF = YES;
				CLANG_WARN_OBJC_LITERAL_CONVERSION = YES;
				CLANG_WARN_OBJC_ROOT_CLASS = YES_ERROR;
				CLANG_WARN_QUOTED_INCLUDE_IN_FRAMEWORK_HEADER = YES;
				CLANG_WARN_RANGE_LOOP_ANALYSIS = YES;
				CLANG_WARN_STRICT_PROTOTYPES = YES;
				CLANG_WARN_SUSPICIOUS_MOVE = YES;
				CLANG_WARN_UNGUARDED_AVAILABILITY = YES_AGGRESSIVE;
				CLANG_WARN_UNREACHABLE_CODE = YES;
				CLANG_WARN__DUPLICATE_METHOD_MATCH = YES;
				COPY_PHASE_STRIP = NO;
				DEBUG_INFORMATION_FORMAT = dwarf;
				ENABLE_STRICT_OBJC_MSGSEND = YES;
				ENABLE_TESTABILITY = YES;
				ENABLE_USER_SCRIPT_SANDBOXING = YES;
				GCC_C_LANGUAGE_STANDARD = gnu17;
				GCC_DYNAMIC_NO_PIC = NO;
				GCC_NO_COMMON_BLOCKS = YES;
				GCC_OPTIMIZATION_LEVEL = 0;
				GCC_PREPROCESSOR_DEFINITIONS = (
					"DEBUG=1",
					"$(inherited)",
				);
				GCC_WARN_64_TO_32_BIT_CONVERSION = YES;
				GCC_WARN_ABOUT_RETURN_TYPE = YES_ERROR;
				GCC_WARN_UNDECLARED_SELECTOR = YES;
				GCC_WARN_UNINITIALIZED_AUTOS = YES_AGGRESSIVE;
				GCC_WARN_UNUSED_FUNCTION = YES;
				GCC_WARN_UNUSED_VARIABLE = YES;
				IPHONEOS_DEPLOYMENT_TARGET = 17.2;
				LOCALIZATION_PREFERS_STRING_CATALOGS = YES;
				MTL_ENABLE_DEBUG_INFO = INCLUDE_SOURCE;
				MTL_FAST_MATH = YES;
				ONLY_ACTIVE_ARCH = YES;
				SDKROOT = iphoneos;
				SWIFT_ACTIVE_COMPILATION_CONDITIONS = "DEBUG $(inherited)";
				SWIFT_OPTIMIZATION_LEVEL = "-Onone";
			};
			name = Debug;
		};
		6735D1DA2BDB101E003755A8 /* Release */ = {
			isa = XCBuildConfiguration;
			buildSettings = {
				ALWAYS_SEARCH_USER_PATHS = NO;
				ASSETCATALOG_COMPILER_GENERATE_SWIFT_ASSET_SYMBOL_EXTENSIONS = YES;
				CLANG_ANALYZER_NONNULL = YES;
				CLANG_ANALYZER_NUMBER_OBJECT_CONVERSION = YES_AGGRESSIVE;
				CLANG_CXX_LANGUAGE_STANDARD = "gnu++20";
				CLANG_ENABLE_MODULES = YES;
				CLANG_ENABLE_OBJC_ARC = YES;
				CLANG_ENABLE_OBJC_WEAK = YES;
				CLANG_WARN_BLOCK_CAPTURE_AUTORELEASING = YES;
				CLANG_WARN_BOOL_CONVERSION = YES;
				CLANG_WARN_COMMA = YES;
				CLANG_WARN_CONSTANT_CONVERSION = YES;
				CLANG_WARN_DEPRECATED_OBJC_IMPLEMENTATIONS = YES;
				CLANG_WARN_DIRECT_OBJC_ISA_USAGE = YES_ERROR;
				CLANG_WARN_DOCUMENTATION_COMMENTS = YES;
				CLANG_WARN_EMPTY_BODY = YES;
				CLANG_WARN_ENUM_CONVERSION = YES;
				CLANG_WARN_INFINITE_RECURSION = YES;
				CLANG_WARN_INT_CONVERSION = YES;
				CLANG_WARN_NON_LITERAL_NULL_CONVERSION = YES;
				CLANG_WARN_OBJC_IMPLICIT_RETAIN_SELF = YES;
				CLANG_WARN_OBJC_LITERAL_CONVERSION = YES;
				CLANG_WARN_OBJC_ROOT_CLASS = YES_ERROR;
				CLANG_WARN_QUOTED_INCLUDE_IN_FRAMEWORK_HEADER = YES;
				CLANG_WARN_RANGE_LOOP_ANALYSIS = YES;
				CLANG_WARN_STRICT_PROTOTYPES = YES;
				CLANG_WARN_SUSPICIOUS_MOVE = YES;
				CLANG_WARN_UNGUARDED_AVAILABILITY = YES_AGGRESSIVE;
				CLANG_WARN_UNREACHABLE_CODE = YES;
				CLANG_WARN__DUPLICATE_METHOD_MATCH = YES;
				COPY_PHASE_STRIP = NO;
				DEBUG_INFORMATION_FORMAT = "dwarf-with-dsym";
				ENABLE_NS_ASSERTIONS = NO;
				ENABLE_STRICT_OBJC_MSGSEND = YES;
				ENABLE_USER_SCRIPT_SANDBOXING = YES;
				GCC_C_LANGUAGE_STANDARD = gnu17;
				GCC_NO_COMMON_BLOCKS = YES;
				GCC_WARN_64_TO_32_BIT_CONVERSION = YES;
				GCC_WARN_ABOUT_RETURN_TYPE = YES_ERROR;
				GCC_WARN_UNDECLARED_SELECTOR = YES;
				GCC_WARN_UNINITIALIZED_AUTOS = YES_AGGRESSIVE;
				GCC_WARN_UNUSED_FUNCTION = YES;
				GCC_WARN_UNUSED_VARIABLE = YES;
				IPHONEOS_DEPLOYMENT_TARGET = 17.2;
				LOCALIZATION_PREFERS_STRING_CATALOGS = YES;
				MTL_ENABLE_DEBUG_INFO = NO;
				MTL_FAST_MATH = YES;
				SDKROOT = iphoneos;
				SWIFT_COMPILATION_MODE = wholemodule;
				VALIDATE_PRODUCT = YES;
			};
			name = Release;
		};
		6735D1DC2BDB101E003755A8 /* Debug */ = {
			isa = XCBuildConfiguration;
			buildSettings = {
				ASSETCATALOG_COMPILER_APPICON_NAME = AppIcon;
				ASSETCATALOG_COMPILER_GLOBAL_ACCENT_COLOR_NAME = AccentColor;
				CODE_SIGN_STYLE = Automatic;
				CURRENT_PROJECT_VERSION = 1;
				DEVELOPMENT_ASSET_PATHS = "\"Graphql_AnimeApp_SwiftUI/Preview Content\"";
				DEVELOPMENT_TEAM = 8G9QJBS8AT;
				ENABLE_PREVIEWS = YES;
				GENERATE_INFOPLIST_FILE = YES;
				INFOPLIST_KEY_UIApplicationSceneManifest_Generation = YES;
				INFOPLIST_KEY_UIApplicationSupportsIndirectInputEvents = YES;
				INFOPLIST_KEY_UILaunchScreen_Generation = YES;
				INFOPLIST_KEY_UISupportedInterfaceOrientations_iPad = "UIInterfaceOrientationPortrait UIInterfaceOrientationPortraitUpsideDown UIInterfaceOrientationLandscapeLeft UIInterfaceOrientationLandscapeRight";
				INFOPLIST_KEY_UISupportedInterfaceOrientations_iPhone = "UIInterfaceOrientationPortrait UIInterfaceOrientationLandscapeLeft UIInterfaceOrientationLandscapeRight";
				LD_RUNPATH_SEARCH_PATHS = (
					"$(inherited)",
					"@executable_path/Frameworks",
				);
				MARKETING_VERSION = 1.0;
				PRODUCT_BUNDLE_IDENTIFIER = "jooeunKim.Graphql-AnimeApp-SwiftUI";
				PRODUCT_NAME = "$(TARGET_NAME)";
				SWIFT_EMIT_LOC_STRINGS = YES;
				SWIFT_VERSION = 5.0;
				TARGETED_DEVICE_FAMILY = "1,2";
			};
			name = Debug;
		};
		6735D1DD2BDB101E003755A8 /* Release */ = {
			isa = XCBuildConfiguration;
			buildSettings = {
				ASSETCATALOG_COMPILER_APPICON_NAME = AppIcon;
				ASSETCATALOG_COMPILER_GLOBAL_ACCENT_COLOR_NAME = AccentColor;
				CODE_SIGN_STYLE = Automatic;
				CURRENT_PROJECT_VERSION = 1;
				DEVELOPMENT_ASSET_PATHS = "\"Graphql_AnimeApp_SwiftUI/Preview Content\"";
				DEVELOPMENT_TEAM = 8G9QJBS8AT;
				ENABLE_PREVIEWS = YES;
				GENERATE_INFOPLIST_FILE = YES;
				INFOPLIST_KEY_UIApplicationSceneManifest_Generation = YES;
				INFOPLIST_KEY_UIApplicationSupportsIndirectInputEvents = YES;
				INFOPLIST_KEY_UILaunchScreen_Generation = YES;
				INFOPLIST_KEY_UISupportedInterfaceOrientations_iPad = "UIInterfaceOrientationPortrait UIInterfaceOrientationPortraitUpsideDown UIInterfaceOrientationLandscapeLeft UIInterfaceOrientationLandscapeRight";
				INFOPLIST_KEY_UISupportedInterfaceOrientations_iPhone = "UIInterfaceOrientationPortrait UIInterfaceOrientationLandscapeLeft UIInterfaceOrientationLandscapeRight";
				LD_RUNPATH_SEARCH_PATHS = (
					"$(inherited)",
					"@executable_path/Frameworks",
				);
				MARKETING_VERSION = 1.0;
				PRODUCT_BUNDLE_IDENTIFIER = "jooeunKim.Graphql-AnimeApp-SwiftUI";
				PRODUCT_NAME = "$(TARGET_NAME)";
				SWIFT_EMIT_LOC_STRINGS = YES;
				SWIFT_VERSION = 5.0;
				TARGETED_DEVICE_FAMILY = "1,2";
			};
			name = Release;
		};
		6735D1DF2BDB101E003755A8 /* Debug */ = {
			isa = XCBuildConfiguration;
			buildSettings = {
				ALWAYS_EMBED_SWIFT_STANDARD_LIBRARIES = YES;
				BUNDLE_LOADER = "$(TEST_HOST)";
				CODE_SIGN_STYLE = Automatic;
				CURRENT_PROJECT_VERSION = 1;
				DEVELOPMENT_TEAM = 8G9QJBS8AT;
				GENERATE_INFOPLIST_FILE = YES;
				IPHONEOS_DEPLOYMENT_TARGET = 17.2;
				MARKETING_VERSION = 1.0;
				PRODUCT_BUNDLE_IDENTIFIER = "jooeunKim.Graphql-AnimeApp-SwiftUITests";
				PRODUCT_NAME = "$(TARGET_NAME)";
				SWIFT_EMIT_LOC_STRINGS = NO;
				SWIFT_VERSION = 5.0;
				TARGETED_DEVICE_FAMILY = "1,2";
				TEST_HOST = "$(BUILT_PRODUCTS_DIR)/Graphql_AnimeApp_SwiftUI.app/$(BUNDLE_EXECUTABLE_FOLDER_PATH)/Graphql_AnimeApp_SwiftUI";
			};
			name = Debug;
		};
		6735D1E02BDB101E003755A8 /* Release */ = {
			isa = XCBuildConfiguration;
			buildSettings = {
				ALWAYS_EMBED_SWIFT_STANDARD_LIBRARIES = YES;
				BUNDLE_LOADER = "$(TEST_HOST)";
				CODE_SIGN_STYLE = Automatic;
				CURRENT_PROJECT_VERSION = 1;
				DEVELOPMENT_TEAM = 8G9QJBS8AT;
				GENERATE_INFOPLIST_FILE = YES;
				IPHONEOS_DEPLOYMENT_TARGET = 17.2;
				MARKETING_VERSION = 1.0;
				PRODUCT_BUNDLE_IDENTIFIER = "jooeunKim.Graphql-AnimeApp-SwiftUITests";
				PRODUCT_NAME = "$(TARGET_NAME)";
				SWIFT_EMIT_LOC_STRINGS = NO;
				SWIFT_VERSION = 5.0;
				TARGETED_DEVICE_FAMILY = "1,2";
				TEST_HOST = "$(BUILT_PRODUCTS_DIR)/Graphql_AnimeApp_SwiftUI.app/$(BUNDLE_EXECUTABLE_FOLDER_PATH)/Graphql_AnimeApp_SwiftUI";
			};
			name = Release;
		};
		6735D1E22BDB101E003755A8 /* Debug */ = {
			isa = XCBuildConfiguration;
			buildSettings = {
				ALWAYS_EMBED_SWIFT_STANDARD_LIBRARIES = YES;
				CODE_SIGN_STYLE = Automatic;
				CURRENT_PROJECT_VERSION = 1;
				DEVELOPMENT_TEAM = 8G9QJBS8AT;
				GENERATE_INFOPLIST_FILE = YES;
				MARKETING_VERSION = 1.0;
				PRODUCT_BUNDLE_IDENTIFIER = "jooeunKim.Graphql-AnimeApp-SwiftUIUITests";
				PRODUCT_NAME = "$(TARGET_NAME)";
				SWIFT_EMIT_LOC_STRINGS = NO;
				SWIFT_VERSION = 5.0;
				TARGETED_DEVICE_FAMILY = "1,2";
				TEST_TARGET_NAME = Graphql_AnimeApp_SwiftUI;
			};
			name = Debug;
		};
		6735D1E32BDB101E003755A8 /* Release */ = {
			isa = XCBuildConfiguration;
			buildSettings = {
				ALWAYS_EMBED_SWIFT_STANDARD_LIBRARIES = YES;
				CODE_SIGN_STYLE = Automatic;
				CURRENT_PROJECT_VERSION = 1;
				DEVELOPMENT_TEAM = 8G9QJBS8AT;
				GENERATE_INFOPLIST_FILE = YES;
				MARKETING_VERSION = 1.0;
				PRODUCT_BUNDLE_IDENTIFIER = "jooeunKim.Graphql-AnimeApp-SwiftUIUITests";
				PRODUCT_NAME = "$(TARGET_NAME)";
				SWIFT_EMIT_LOC_STRINGS = NO;
				SWIFT_VERSION = 5.0;
				TARGETED_DEVICE_FAMILY = "1,2";
				TEST_TARGET_NAME = Graphql_AnimeApp_SwiftUI;
			};
			name = Release;
		};
/* End XCBuildConfiguration section */

/* Begin XCConfigurationList section */
		6735D1B22BDB101B003755A8 /* Build configuration list for PBXProject "Graphql_AnimeApp_SwiftUI" */ = {
			isa = XCConfigurationList;
			buildConfigurations = (
				6735D1D92BDB101E003755A8 /* Debug */,
				6735D1DA2BDB101E003755A8 /* Release */,
			);
			defaultConfigurationIsVisible = 0;
			defaultConfigurationName = Release;
		};
		6735D1DB2BDB101E003755A8 /* Build configuration list for PBXNativeTarget "Graphql_AnimeApp_SwiftUI" */ = {
			isa = XCConfigurationList;
			buildConfigurations = (
				6735D1DC2BDB101E003755A8 /* Debug */,
				6735D1DD2BDB101E003755A8 /* Release */,
			);
			defaultConfigurationIsVisible = 0;
			defaultConfigurationName = Release;
		};
		6735D1DE2BDB101E003755A8 /* Build configuration list for PBXNativeTarget "Graphql_AnimeApp_SwiftUITests" */ = {
			isa = XCConfigurationList;
			buildConfigurations = (
				6735D1DF2BDB101E003755A8 /* Debug */,
				6735D1E02BDB101E003755A8 /* Release */,
			);
			defaultConfigurationIsVisible = 0;
			defaultConfigurationName = Release;
		};
		6735D1E12BDB101E003755A8 /* Build configuration list for PBXNativeTarget "Graphql_AnimeApp_SwiftUIUITests" */ = {
			isa = XCConfigurationList;
			buildConfigurations = (
				6735D1E22BDB101E003755A8 /* Debug */,
				6735D1E32BDB101E003755A8 /* Release */,
			);
			defaultConfigurationIsVisible = 0;
			defaultConfigurationName = Release;
		};
/* End XCConfigurationList section */

/* Begin XCRemoteSwiftPackageReference section */
		6735D1E42BDB103F003755A8 /* XCRemoteSwiftPackageReference "apollo-ios" */ = {
			isa = XCRemoteSwiftPackageReference;
			repositoryURL = "https://github.com/apollographql/apollo-ios.git";
			requirement = {
				kind = upToNextMajorVersion;
				minimumVersion = 1.10.0;
			};
		};
/* End XCRemoteSwiftPackageReference section */

/* Begin XCSwiftPackageProductDependency section */
		6735D1E52BDB103F003755A8 /* Apollo */ = {
			isa = XCSwiftPackageProductDependency;
			package = 6735D1E42BDB103F003755A8 /* XCRemoteSwiftPackageReference "apollo-ios" */;
			productName = Apollo;
		};
		6735D1F42BDB1AEB003755A8 /* ChargeTripAPI */ = {
			isa = XCSwiftPackageProductDependency;
			productName = ChargeTripAPI;
		};
/* End XCSwiftPackageProductDependency section */
	};
	rootObject = 6735D1AF2BDB101B003755A8 /* Project object */;
}
